
Microsoft Visual Studio Solution File, Format Version 12.00
# Visual Studio 15
VisualStudioVersion = 15.0.28307.572
MinimumVisualStudioVersion = 10.0.40219.1
Project("{8BC9CEB8-8B4A-11D0-8D11-00A0C91BC942}") = "Project3", "Project3\Project3.vcxproj", "{7C20CF23-E40A-49BF-8928-68CB8604C71A}"
EndProject
Global
	GlobalSection(SolutionConfigurationPlatforms) = preSolution
		Debug|x64 = Debug|x64
		Debug|x86 = Debug|x86
		Release|x64 = Release|x64
		Release|x86 = Release|x86
	EndGlobalSection
	GlobalSection(ProjectConfigurationPlatforms) = postSolution
		{7C20CF23-E40A-49BF-8928-68CB8604C71A}.Debug|x64.ActiveCfg = Debug|x64
		{7C20CF23-E40A-49BF-8928-68CB8604C71A}.Debug|x64.Build.0 = Debug|x64
		{7C20CF23-E40A-49BF-8928-68CB8604C71A}.Debug|x86.ActiveCfg = Debug|Win32
		{7C20CF23-E40A-49BF-8928-68CB8604C71A}.Debug|x86.Build.0 = Debug|Win32
		{7C20CF23-E40A-49BF-8928-68CB8604C71A}.Release|x64.ActiveCfg = Release|x64
		{7C20CF23-E40A-49BF-8928-68CB8604C71A}.Release|x64.Build.0 = Release|x64
		{7C20CF23-E40A-49BF-8928-68CB8604C71A}.Release|x86.ActiveCfg = Release|Win32
		{7C20CF23-E40A-49BF-8928-68CB8604C71A}.Release|x86.Build.0 = Release|Win32
	EndGlobalSection
	GlobalSection(SolutionProperties) = preSolution
		HideSolutionNode = FALSE
	EndGlobalSection
	GlobalSection(ExtensibilityGlobals) = postSolution
		SolutionGuid = {213E1C3F-B66C-482B-BE70-D203A45D9469}
	EndGlobalSection
EndGlobal
